
Microsoft Visual Studio Solution File, Format Version 12.00
# Visual Studio 15
VisualStudioVersion = 15.0.26124.0
MinimumVisualStudioVersion = 15.0.26124.0
Project("{FAE04EC0-301F-11D3-BF4B-00C04F79EFBC}") = "API", "API\API.csproj", "{8DFD1B42-7B55-4785-8D85-84CB27B47512}"
EndProject
Project("{FAE04EC0-301F-11D3-BF4B-00C04F79EFBC}") = "Core", "Core\Core.csproj", "{06E2CBB9-65C4-47AE-85EC-63646F16FDCC}"
EndProject
Project("{FAE04EC0-301F-11D3-BF4B-00C04F79EFBC}") = "Infrastructure", "Infrastructure\Infrastructure.csproj", "{1531551D-8BB3-47E0-A5AB-16E8C4E2B233}"
EndProject
Global
	GlobalSection(SolutionConfigurationPlatforms) = preSolution
		Debug|Any CPU = Debug|Any CPU
		Debug|x64 = Debug|x64
		Debug|x86 = Debug|x86
		Release|Any CPU = Release|Any CPU
		Release|x64 = Release|x64
		Release|x86 = Release|x86
	EndGlobalSection
	GlobalSection(SolutionProperties) = preSolution
		HideSolutionNode = FALSE
	EndGlobalSection
	GlobalSection(ProjectConfigurationPlatforms) = postSolution
		{8DFD1B42-7B55-4785-8D85-84CB27B47512}.Debug|Any CPU.ActiveCfg = Debug|Any CPU
		{8DFD1B42-7B55-4785-8D85-84CB27B47512}.Debug|Any CPU.Build.0 = Debug|Any CPU
		{8DFD1B42-7B55-4785-8D85-84CB27B47512}.Debug|x64.ActiveCfg = Debug|Any CPU
		{8DFD1B42-7B55-4785-8D85-84CB27B47512}.Debug|x64.Build.0 = Debug|Any CPU
		{8DFD1B42-7B55-4785-8D85-84CB27B47512}.Debug|x86.ActiveCfg = Debug|Any CPU
		{8DFD1B42-7B55-4785-8D85-84CB27B47512}.Debug|x86.Build.0 = Debug|Any CPU
		{8DFD1B42-7B55-4785-8D85-84CB27B47512}.Release|Any CPU.ActiveCfg = Release|Any CPU
		{8DFD1B42-7B55-4785-8D85-84CB27B47512}.Release|Any CPU.Build.0 = Release|Any CPU
		{8DFD1B42-7B55-4785-8D85-84CB27B47512}.Release|x64.ActiveCfg = Release|Any CPU
		{8DFD1B42-7B55-4785-8D85-84CB27B47512}.Release|x64.Build.0 = Release|Any CPU
		{8DFD1B42-7B55-4785-8D85-84CB27B47512}.Release|x86.ActiveCfg = Release|Any CPU
		{8DFD1B42-7B55-4785-8D85-84CB27B47512}.Release|x86.Build.0 = Release|Any CPU
		{06E2CBB9-65C4-47AE-85EC-63646F16FDCC}.Debug|Any CPU.ActiveCfg = Debug|Any CPU
		{06E2CBB9-65C4-47AE-85EC-63646F16FDCC}.Debug|Any CPU.Build.0 = Debug|Any CPU
		{06E2CBB9-65C4-47AE-85EC-63646F16FDCC}.Debug|x64.ActiveCfg = Debug|Any CPU
		{06E2CBB9-65C4-47AE-85EC-63646F16FDCC}.Debug|x64.Build.0 = Debug|Any CPU
		{06E2CBB9-65C4-47AE-85EC-63646F16FDCC}.Debug|x86.ActiveCfg = Debug|Any CPU
		{06E2CBB9-65C4-47AE-85EC-63646F16FDCC}.Debug|x86.Build.0 = Debug|Any CPU
		{06E2CBB9-65C4-47AE-85EC-63646F16FDCC}.Release|Any CPU.ActiveCfg = Release|Any CPU
		{06E2CBB9-65C4-47AE-85EC-63646F16FDCC}.Release|Any CPU.Build.0 = Release|Any CPU
		{06E2CBB9-65C4-47AE-85EC-63646F16FDCC}.Release|x64.ActiveCfg = Release|Any CPU
		{06E2CBB9-65C4-47AE-85EC-63646F16FDCC}.Release|x64.Build.0 = Release|Any CPU
		{06E2CBB9-65C4-47AE-85EC-63646F16FDCC}.Release|x86.ActiveCfg = Release|Any CPU
		{06E2CBB9-65C4-47AE-85EC-63646F16FDCC}.Release|x86.Build.0 = Release|Any CPU
		{1531551D-8BB3-47E0-A5AB-16E8C4E2B233}.Debug|Any CPU.ActiveCfg = Debug|Any CPU
		{1531551D-8BB3-47E0-A5AB-16E8C4E2B233}.Debug|Any CPU.Build.0 = Debug|Any CPU
		{1531551D-8BB3-47E0-A5AB-16E8C4E2B233}.Debug|x64.ActiveCfg = Debug|Any CPU
		{1531551D-8BB3-47E0-A5AB-16E8C4E2B233}.Debug|x64.Build.0 = Debug|Any CPU
		{1531551D-8BB3-47E0-A5AB-16E8C4E2B233}.Debug|x86.ActiveCfg = Debug|Any CPU
		{1531551D-8BB3-47E0-A5AB-16E8C4E2B233}.Debug|x86.Build.0 = Debug|Any CPU
		{1531551D-8BB3-47E0-A5AB-16E8C4E2B233}.Release|Any CPU.ActiveCfg = Release|Any CPU
		{1531551D-8BB3-47E0-A5AB-16E8C4E2B233}.Release|Any CPU.Build.0 = Release|Any CPU
		{1531551D-8BB3-47E0-A5AB-16E8C4E2B233}.Release|x64.ActiveCfg = Release|Any CPU
		{1531551D-8BB3-47E0-A5AB-16E8C4E2B233}.Release|x64.Build.0 = Release|Any CPU
		{1531551D-8BB3-47E0-A5AB-16E8C4E2B233}.Release|x86.ActiveCfg = Release|Any CPU
		{1531551D-8BB3-47E0-A5AB-16E8C4E2B233}.Release|x86.Build.0 = Release|Any CPU
	EndGlobalSection
EndGlobal
